
Microsoft Visual Studio Solution File, Format Version 12.00
# Visual Studio 15
VisualStudioVersion = 15.0.28307.136
MinimumVisualStudioVersion = 10.0.40219.1
Project("{FAE04EC0-301F-11D3-BF4B-00C04F79EFBC}") = "ShoppingCart", "ShoppingCart\ShoppingCart.csproj", "{C326C9AB-1EBE-41C4-9475-FCD271DD7DF5}"
EndProject
Project("{FAE04EC0-301F-11D3-BF4B-00C04F79EFBC}") = "ShoppingCart.Tests", "ShoppingCart.Tests\ShoppingCart.Tests.csproj", "{324794E4-5C33-4B4A-85FE-C99A35E9D81C}"
EndProject
Global
	GlobalSection(SolutionConfigurationPlatforms) = preSolution
		Debug|Any CPU = Debug|Any CPU
		Release|Any CPU = Release|Any CPU
	EndGlobalSection
	GlobalSection(ProjectConfigurationPlatforms) = postSolution
		{C326C9AB-1EBE-41C4-9475-FCD271DD7DF5}.Debug|Any CPU.ActiveCfg = Debug|Any CPU
		{C326C9AB-1EBE-41C4-9475-FCD271DD7DF5}.Debug|Any CPU.Build.0 = Debug|Any CPU
		{C326C9AB-1EBE-41C4-9475-FCD271DD7DF5}.Release|Any CPU.ActiveCfg = Release|Any CPU
		{C326C9AB-1EBE-41C4-9475-FCD271DD7DF5}.Release|Any CPU.Build.0 = Release|Any CPU
		{324794E4-5C33-4B4A-85FE-C99A35E9D81C}.Debug|Any CPU.ActiveCfg = Debug|Any CPU
		{324794E4-5C33-4B4A-85FE-C99A35E9D81C}.Debug|Any CPU.Build.0 = Debug|Any CPU
		{324794E4-5C33-4B4A-85FE-C99A35E9D81C}.Release|Any CPU.ActiveCfg = Release|Any CPU
		{324794E4-5C33-4B4A-85FE-C99A35E9D81C}.Release|Any CPU.Build.0 = Release|Any CPU
	EndGlobalSection
	GlobalSection(SolutionProperties) = preSolution
		HideSolutionNode = FALSE
	EndGlobalSection
	GlobalSection(ExtensibilityGlobals) = postSolution
		SolutionGuid = {B154B01C-7004-4F78-A192-9FD558538567}
	EndGlobalSection
EndGlobal
